
Microsoft Visual Studio Solution File, Format Version 12.00
# Visual Studio Version 16
VisualStudioVersion = 16.0.30907.101
MinimumVisualStudioVersion = 10.0.40219.1
Project("{FAE04EC0-301F-11D3-BF4B-00C04F79EFBC}") = "GuessTheFood", "GuessTheFood\GuessTheFood.csproj", "{B51AD0CE-1CE2-44FF-90B8-5AF357ADB8F1}"
EndProject
Global
	GlobalSection(SolutionConfigurationPlatforms) = preSolution
		Debug|Any CPU = Debug|Any CPU
		Release|Any CPU = Release|Any CPU
	EndGlobalSection
	GlobalSection(ProjectConfigurationPlatforms) = postSolution
		{B51AD0CE-1CE2-44FF-90B8-5AF357ADB8F1}.Debug|Any CPU.ActiveCfg = Debug|Any CPU
		{B51AD0CE-1CE2-44FF-90B8-5AF357ADB8F1}.Debug|Any CPU.Build.0 = Debug|Any CPU
		{B51AD0CE-1CE2-44FF-90B8-5AF357ADB8F1}.Release|Any CPU.ActiveCfg = Release|Any CPU
		{B51AD0CE-1CE2-44FF-90B8-5AF357ADB8F1}.Release|Any CPU.Build.0 = Release|Any CPU
	EndGlobalSection
	GlobalSection(SolutionProperties) = preSolution
		HideSolutionNode = FALSE
	EndGlobalSection
	GlobalSection(ExtensibilityGlobals) = postSolution
		SolutionGuid = {809E4B83-8AF4-40D5-97CC-7394C00C334A}
	EndGlobalSection
EndGlobal
